// !$*UTF8*$!
{
	archiveVersion = 1;
	classes = {
	};
	objectVersion = 50;
	objects = {

/* Begin PBXBuildFile section */
		6A0E99CA26090D36005D9E00 /* MenuController.swift in Sources */ = {isa = PBXBuildFile; fileRef = 6A0E99C926090D36005D9E00 /* MenuController.swift */; };
		6A0E99CF26092E40005D9E00 /* OrderConfirmationViewController.swift in Sources */ = {isa = PBXBuildFile; fileRef = 6A0E99CE26092E40005D9E00 /* OrderConfirmationViewController.swift */; };
		6A638D722608B8540001E118 /* AppDelegate.swift in Sources */ = {isa = PBXBuildFile; fileRef = 6A638D712608B8540001E118 /* AppDelegate.swift */; };
		6A638D742608B8540001E118 /* SceneDelegate.swift in Sources */ = {isa = PBXBuildFile; fileRef = 6A638D732608B8540001E118 /* SceneDelegate.swift */; };
		6A638D792608B8540001E118 /* Main.storyboard in Resources */ = {isa = PBXBuildFile; fileRef = 6A638D772608B8540001E118 /* Main.storyboard */; };
		6A638D7B2608B8550001E118 /* Assets.xcassets in Resources */ = {isa = PBXBuildFile; fileRef = 6A638D7A2608B8550001E118 /* Assets.xcassets */; };
		6A638D7E2608B8550001E118 /* LaunchScreen.storyboard in Resources */ = {isa = PBXBuildFile; fileRef = 6A638D7C2608B8550001E118 /* LaunchScreen.storyboard */; };
		6A638D872608BED40001E118 /* CategoryTableViewController.swift in Sources */ = {isa = PBXBuildFile; fileRef = 6A638D862608BED40001E118 /* CategoryTableViewController.swift */; };
		6A638D8A2608BEF30001E118 /* MenuTableViewController.swift in Sources */ = {isa = PBXBuildFile; fileRef = 6A638D892608BEF30001E118 /* MenuTableViewController.swift */; };
		6A638D8D2608BF010001E118 /* OrderTableViewController.swift in Sources */ = {isa = PBXBuildFile; fileRef = 6A638D8C2608BF010001E118 /* OrderTableViewController.swift */; };
		6A638D902608C2270001E118 /* MenuItemDetailViewController.swift in Sources */ = {isa = PBXBuildFile; fileRef = 6A638D8F2608C2270001E118 /* MenuItemDetailViewController.swift */; };
		6A638D962608C3340001E118 /* MenuItem.swift in Sources */ = {isa = PBXBuildFile; fileRef = 6A638D952608C3340001E118 /* MenuItem.swift */; };
		6A638D992608C4C00001E118 /* ResponseModels.swift in Sources */ = {isa = PBXBuildFile; fileRef = 6A638D982608C4C00001E118 /* ResponseModels.swift */; };
		6A638D9C2608C5DD0001E118 /* Order.swift in Sources */ = {isa = PBXBuildFile; fileRef = 6A638D9B2608C5DD0001E118 /* Order.swift */; };
/* End PBXBuildFile section */

/* Begin PBXFileReference section */
		6A0E99C926090D36005D9E00 /* MenuController.swift */ = {isa = PBXFileReference; lastKnownFileType = sourcecode.swift; path = MenuController.swift; sourceTree = "<group>"; };
		6A0E99CE26092E40005D9E00 /* OrderConfirmationViewController.swift */ = {isa = PBXFileReference; lastKnownFileType = sourcecode.swift; path = OrderConfirmationViewController.swift; sourceTree = "<group>"; };
		6A638D6E2608B8540001E118 /* OrderApp.app */ = {isa = PBXFileReference; explicitFileType = wrapper.application; includeInIndex = 0; path = OrderApp.app; sourceTree = BUILT_PRODUCTS_DIR; };
		6A638D712608B8540001E118 /* AppDelegate.swift */ = {isa = PBXFileReference; lastKnownFileType = sourcecode.swift; path = AppDelegate.swift; sourceTree = "<group>"; };
		6A638D732608B8540001E118 /* SceneDelegate.swift */ = {isa = PBXFileReference; lastKnownFileType = sourcecode.swift; path = SceneDelegate.swift; sourceTree = "<group>"; };
		6A638D782608B8540001E118 /* Base */ = {isa = PBXFileReference; lastKnownFileType = file.storyboard; name = Base; path = Base.lproj/Main.storyboard; sourceTree = "<group>"; };
		6A638D7A2608B8550001E118 /* Assets.xcassets */ = {isa = PBXFileReference; lastKnownFileType = folder.assetcatalog; path = Assets.xcassets; sourceTree = "<group>"; };
		6A638D7D2608B8550001E118 /* Base */ = {isa = PBXFileReference; lastKnownFileType = file.storyboard; name = Base; path = Base.lproj/LaunchScreen.storyboard; sourceTree = "<group>"; };
		6A638D7F2608B8550001E118 /* Info.plist */ = {isa = PBXFileReference; lastKnownFileType = text.plist.xml; path = Info.plist; sourceTree = "<group>"; };
		6A638D862608BED40001E118 /* CategoryTableViewController.swift */ = {isa = PBXFileReference; lastKnownFileType = sourcecode.swift; path = CategoryTableViewController.swift; sourceTree = "<group>"; };
		6A638D892608BEF30001E118 /* MenuTableViewController.swift */ = {isa = PBXFileReference; lastKnownFileType = sourcecode.swift; path = MenuTableViewController.swift; sourceTree = "<group>"; };
		6A638D8C2608BF010001E118 /* OrderTableViewController.swift */ = {isa = PBXFileReference; lastKnownFileType = sourcecode.swift; path = OrderTableViewController.swift; sourceTree = "<group>"; };
		6A638D8F2608C2270001E118 /* MenuItemDetailViewController.swift */ = {isa = PBXFileReference; lastKnownFileType = sourcecode.swift; path = MenuItemDetailViewController.swift; sourceTree = "<group>"; };
		6A638D952608C3340001E118 /* MenuItem.swift */ = {isa = PBXFileReference; lastKnownFileType = sourcecode.swift; path = MenuItem.swift; sourceTree = "<group>"; };
		6A638D982608C4C00001E118 /* ResponseModels.swift */ = {isa = PBXFileReference; lastKnownFileType = sourcecode.swift; path = ResponseModels.swift; sourceTree = "<group>"; };
		6A638D9B2608C5DD0001E118 /* Order.swift */ = {isa = PBXFileReference; lastKnownFileType = sourcecode.swift; path = Order.swift; sourceTree = "<group>"; };
/* End PBXFileReference section */

/* Begin PBXFrameworksBuildPhase section */
		6A638D6B2608B8540001E118 /* Frameworks */ = {
			isa = PBXFrameworksBuildPhase;
			buildActionMask = 2147483647;
			files = (
			);
			runOnlyForDeploymentPostprocessing = 0;
		};
/* End PBXFrameworksBuildPhase section */

/* Begin PBXGroup section */
		6A638D652608B8540001E118 = {
			isa = PBXGroup;
			children = (
				6A638D702608B8540001E118 /* OrderApp */,
				6A638D6F2608B8540001E118 /* Products */,
			);
			sourceTree = "<group>";
		};
		6A638D6F2608B8540001E118 /* Products */ = {
			isa = PBXGroup;
			children = (
				6A638D6E2608B8540001E118 /* OrderApp.app */,
			);
			name = Products;
			sourceTree = "<group>";
		};
		6A638D702608B8540001E118 /* OrderApp */ = {
			isa = PBXGroup;
			children = (
				6A638D942608C3180001E118 /* Model */,
				6A638D922608C2F80001E118 /* Controllers */,
				6A638D712608B8540001E118 /* AppDelegate.swift */,
				6A638D732608B8540001E118 /* SceneDelegate.swift */,
				6A638D772608B8540001E118 /* Main.storyboard */,
				6A638D7A2608B8550001E118 /* Assets.xcassets */,
				6A638D7C2608B8550001E118 /* LaunchScreen.storyboard */,
				6A638D7F2608B8550001E118 /* Info.plist */,
			);
			path = OrderApp;
			sourceTree = "<group>";
		};
		6A638D922608C2F80001E118 /* Controllers */ = {
			isa = PBXGroup;
			children = (
				6A638D862608BED40001E118 /* CategoryTableViewController.swift */,
				6A638D892608BEF30001E118 /* MenuTableViewController.swift */,
				6A638D8C2608BF010001E118 /* OrderTableViewController.swift */,
				6A638D8F2608C2270001E118 /* MenuItemDetailViewController.swift */,
				6A0E99C926090D36005D9E00 /* MenuController.swift */,
				6A0E99CE26092E40005D9E00 /* OrderConfirmationViewController.swift */,
			);
			path = Controllers;
			sourceTree = "<group>";
		};
		6A638D942608C3180001E118 /* Model */ = {
			isa = PBXGroup;
			children = (
				6A638D952608C3340001E118 /* MenuItem.swift */,
				6A638D982608C4C00001E118 /* ResponseModels.swift */,
				6A638D9B2608C5DD0001E118 /* Order.swift */,
			);
			path = Model;
			sourceTree = "<group>";
		};
/* End PBXGroup section */

/* Begin PBXNativeTarget section */
		6A638D6D2608B8540001E118 /* OrderApp */ = {
			isa = PBXNativeTarget;
			buildConfigurationList = 6A638D822608B8550001E118 /* Build configuration list for PBXNativeTarget "OrderApp" */;
			buildPhases = (
				6A638D6A2608B8540001E118 /* Sources */,
				6A638D6B2608B8540001E118 /* Frameworks */,
				6A638D6C2608B8540001E118 /* Resources */,
			);
			buildRules = (
			);
			dependencies = (
			);
			name = OrderApp;
			productName = OrderApp;
			productReference = 6A638D6E2608B8540001E118 /* OrderApp.app */;
			productType = "com.apple.product-type.application";
		};
/* End PBXNativeTarget section */

/* Begin PBXProject section */
		6A638D662608B8540001E118 /* Project object */ = {
			isa = PBXProject;
			attributes = {
				LastSwiftUpdateCheck = 1240;
				LastUpgradeCheck = 1240;
				TargetAttributes = {
					6A638D6D2608B8540001E118 = {
						CreatedOnToolsVersion = 12.4;
					};
				};
			};
			buildConfigurationList = 6A638D692608B8540001E118 /* Build configuration list for PBXProject "OrderApp" */;
			compatibilityVersion = "Xcode 9.3";
			developmentRegion = en;
			hasScannedForEncodings = 0;
			knownRegions = (
				en,
				Base,
			);
			mainGroup = 6A638D652608B8540001E118;
			productRefGroup = 6A638D6F2608B8540001E118 /* Products */;
			projectDirPath = "";
			projectRoot = "";
			targets = (
				6A638D6D2608B8540001E118 /* OrderApp */,
			);
		};
/* End PBXProject section */

/* Begin PBXResourcesBuildPhase section */
		6A638D6C2608B8540001E118 /* Resources */ = {
			isa = PBXResourcesBuildPhase;
			buildActionMask = 2147483647;
			files = (
				6A638D7E2608B8550001E118 /* LaunchScreen.storyboard in Resources */,
				6A638D7B2608B8550001E118 /* Assets.xcassets in Resources */,
				6A638D792608B8540001E118 /* Main.storyboard in Resources */,
			);
			runOnlyForDeploymentPostprocessing = 0;
		};
/* End PBXResourcesBuildPhase section */

/* Begin PBXSourcesBuildPhase section */
		6A638D6A2608B8540001E118 /* Sources */ = {
			isa = PBXSourcesBuildPhase;
			buildActionMask = 2147483647;
			files = (
				6A638D962608C3340001E118 /* MenuItem.swift in Sources */,
				6A638D722608B8540001E118 /* AppDelegate.swift in Sources */,
				6A638D992608C4C00001E118 /* ResponseModels.swift in Sources */,
				6A638D9C2608C5DD0001E118 /* Order.swift in Sources */,
				6A0E99CA26090D36005D9E00 /* MenuController.swift in Sources */,
				6A638D8A2608BEF30001E118 /* MenuTableViewController.swift in Sources */,
				6A638D902608C2270001E118 /* MenuItemDetailViewController.swift in Sources */,
				6A638D742608B8540001E118 /* SceneDelegate.swift in Sources */,
				6A638D8D2608BF010001E118 /* OrderTableViewController.swift in Sources */,
				6A0E99CF26092E40005D9E00 /* OrderConfirmationViewController.swift in Sources */,
				6A638D872608BED40001E118 /* CategoryTableViewController.swift in Sources */,
			);
			runOnlyForDeploymentPostprocessing = 0;
		};
/* End PBXSourcesBuildPhase section */

/* Begin PBXVariantGroup section */
		6A638D772608B8540001E118 /* Main.storyboard */ = {
			isa = PBXVariantGroup;
			children = (
				6A638D782608B8540001E118 /* Base */,
			);
			name = Main.storyboard;
			sourceTree = "<group>";
		};
		6A638D7C2608B8550001E118 /* LaunchScreen.storyboard */ = {
			isa = PBXVariantGroup;
			children = (
				6A638D7D2608B8550001E118 /* Base */,
			);
			name = LaunchScreen.storyboard;
			sourceTree = "<group>";
		};
/* End PBXVariantGroup section */

/* Begin XCBuildConfiguration section */
		6A638D802608B8550001E118 /* Debug */ = {
			isa = XCBuildConfiguration;
			buildSettings = {
				ALWAYS_SEARCH_USER_PATHS = NO;
				CLANG_ANALYZER_NONNULL = YES;
				CLANG_ANALYZER_NUMBER_OBJECT_CONVERSION = YES_AGGRESSIVE;
				CLANG_CXX_LANGUAGE_STANDARD = "gnu++14";
				CLANG_CXX_LIBRARY = "libc++";
				CLANG_ENABLE_MODULES = YES;
				CLANG_ENABLE_OBJC_ARC = YES;
				CLANG_ENABLE_OBJC_WEAK = YES;
				CLANG_WARN_BLOCK_CAPTURE_AUTORELEASING = YES;
				CLANG_WARN_BOOL_CONVERSION = YES;
				CLANG_WARN_COMMA = YES;
				CLANG_WARN_CONSTANT_CONVERSION = YES;
				CLANG_WARN_DEPRECATED_OBJC_IMPLEMENTATIONS = YES;
				CLANG_WARN_DIRECT_OBJC_ISA_USAGE = YES_ERROR;
				CLANG_WARN_DOCUMENTATION_COMMENTS = YES;
				CLANG_WARN_EMPTY_BODY = YES;
				CLANG_WARN_ENUM_CONVERSION = YES;
				CLANG_WARN_INFINITE_RECURSION = YES;
				CLANG_WARN_INT_CONVERSION = YES;
				CLANG_WARN_NON_LITERAL_NULL_CONVERSION = YES;
				CLANG_WARN_OBJC_IMPLICIT_RETAIN_SELF = YES;
				CLANG_WARN_OBJC_LITERAL_CONVERSION = YES;
				CLANG_WARN_OBJC_ROOT_CLASS = YES_ERROR;
				CLANG_WARN_QUOTED_INCLUDE_IN_FRAMEWORK_HEADER = YES;
				CLANG_WARN_RANGE_LOOP_ANALYSIS = YES;
				CLANG_WARN_STRICT_PROTOTYPES = YES;
				CLANG_WARN_SUSPICIOUS_MOVE = YES;
				CLANG_WARN_UNGUARDED_AVAILABILITY = YES_AGGRESSIVE;
				CLANG_WARN_UNREACHABLE_CODE = YES;
				CLANG_WARN__DUPLICATE_METHOD_MATCH = YES;
				COPY_PHASE_STRIP = NO;
				DEBUG_INFORMATION_FORMAT = dwarf;
				ENABLE_STRICT_OBJC_MSGSEND = YES;
				ENABLE_TESTABILITY = YES;
				GCC_C_LANGUAGE_STANDARD = gnu11;
				GCC_DYNAMIC_NO_PIC = NO;
				GCC_NO_COMMON_BLOCKS = YES;
				GCC_OPTIMIZATION_LEVEL = 0;
				GCC_PREPROCESSOR_DEFINITIONS = (
					"DEBUG=1",
					"$(inherited)",
				);
				GCC_WARN_64_TO_32_BIT_CONVERSION = YES;
				GCC_WARN_ABOUT_RETURN_TYPE = YES_ERROR;
				GCC_WARN_UNDECLARED_SELECTOR = YES;
				GCC_WARN_UNINITIALIZED_AUTOS = YES_AGGRESSIVE;
				GCC_WARN_UNUSED_FUNCTION = YES;
				GCC_WARN_UNUSED_VARIABLE = YES;
				IPHONEOS_DEPLOYMENT_TARGET = 14.4;
				MTL_ENABLE_DEBUG_INFO = INCLUDE_SOURCE;
				MTL_FAST_MATH = YES;
				ONLY_ACTIVE_ARCH = YES;
				SDKROOT = iphoneos;
				SWIFT_ACTIVE_COMPILATION_CONDITIONS = DEBUG;
				SWIFT_OPTIMIZATION_LEVEL = "-Onone";
			};
			name = Debug;
		};
		6A638D812608B8550001E118 /* Release */ = {
			isa = XCBuildConfiguration;
			buildSettings = {
				ALWAYS_SEARCH_USER_PATHS = NO;
				CLANG_ANALYZER_NONNULL = YES;
				CLANG_ANALYZER_NUMBER_OBJECT_CONVERSION = YES_AGGRESSIVE;
				CLANG_CXX_LANGUAGE_STANDARD = "gnu++14";
				CLANG_CXX_LIBRARY = "libc++";
				CLANG_ENABLE_MODULES = YES;
				CLANG_ENABLE_OBJC_ARC = YES;
				CLANG_ENABLE_OBJC_WEAK = YES;
				CLANG_WARN_BLOCK_CAPTURE_AUTORELEASING = YES;
				CLANG_WARN_BOOL_CONVERSION = YES;
				CLANG_WARN_COMMA = YES;
				CLANG_WARN_CONSTANT_CONVERSION = YES;
				CLANG_WARN_DEPRECATED_OBJC_IMPLEMENTATIONS = YES;
				CLANG_WARN_DIRECT_OBJC_ISA_USAGE = YES_ERROR;
				CLANG_WARN_DOCUMENTATION_COMMENTS = YES;
				CLANG_WARN_EMPTY_BODY = YES;
				CLANG_WARN_ENUM_CONVERSION = YES;
				CLANG_WARN_INFINITE_RECURSION = YES;
				CLANG_WARN_INT_CONVERSION = YES;
				CLANG_WARN_NON_LITERAL_NULL_CONVERSION = YES;
				CLANG_WARN_OBJC_IMPLICIT_RETAIN_SELF = YES;
				CLANG_WARN_OBJC_LITERAL_CONVERSION = YES;
				CLANG_WARN_OBJC_ROOT_CLASS = YES_ERROR;
				CLANG_WARN_QUOTED_INCLUDE_IN_FRAMEWORK_HEADER = YES;
				CLANG_WARN_RANGE_LOOP_ANALYSIS = YES;
				CLANG_WARN_STRICT_PROTOTYPES = YES;
				CLANG_WARN_SUSPICIOUS_MOVE = YES;
				CLANG_WARN_UNGUARDED_AVAILABILITY = YES_AGGRESSIVE;
				CLANG_WARN_UNREACHABLE_CODE = YES;
				CLANG_WARN__DUPLICATE_METHOD_MATCH = YES;
				COPY_PHASE_STRIP = NO;
				DEBUG_INFORMATION_FORMAT = "dwarf-with-dsym";
				ENABLE_NS_ASSERTIONS = NO;
				ENABLE_STRICT_OBJC_MSGSEND = YES;
				GCC_C_LANGUAGE_STANDARD = gnu11;
				GCC_NO_COMMON_BLOCKS = YES;
				GCC_WARN_64_TO_32_BIT_CONVERSION = YES;
				GCC_WARN_ABOUT_RETURN_TYPE = YES_ERROR;
				GCC_WARN_UNDECLARED_SELECTOR = YES;
				GCC_WARN_UNINITIALIZED_AUTOS = YES_AGGRESSIVE;
				GCC_WARN_UNUSED_FUNCTION = YES;
				GCC_WARN_UNUSED_VARIABLE = YES;
				IPHONEOS_DEPLOYMENT_TARGET = 14.4;
				MTL_ENABLE_DEBUG_INFO = NO;
				MTL_FAST_MATH = YES;
				SDKROOT = iphoneos;
				SWIFT_COMPILATION_MODE = wholemodule;
				SWIFT_OPTIMIZATION_LEVEL = "-O";
				VALIDATE_PRODUCT = YES;
			};
			name = Release;
		};
		6A638D832608B8550001E118 /* Debug */ = {
			isa = XCBuildConfiguration;
			buildSettings = {
				ASSETCATALOG_COMPILER_APPICON_NAME = AppIcon;
				ASSETCATALOG_COMPILER_GLOBAL_ACCENT_COLOR_NAME = AccentColor;
				CODE_SIGN_STYLE = Automatic;
				INFOPLIST_FILE = OrderApp/Info.plist;
				LD_RUNPATH_SEARCH_PATHS = (
					"$(inherited)",
					"@executable_path/Frameworks",
				);
				PRODUCT_BUNDLE_IDENTIFIER = exemplo.com.OrderApp;
				PRODUCT_NAME = "$(TARGET_NAME)";
				SWIFT_VERSION = 5.0;
				TARGETED_DEVICE_FAMILY = "1,2";
			};
			name = Debug;
		};
		6A638D842608B8550001E118 /* Release */ = {
			isa = XCBuildConfiguration;
			buildSettings = {
				ASSETCATALOG_COMPILER_APPICON_NAME = AppIcon;
				ASSETCATALOG_COMPILER_GLOBAL_ACCENT_COLOR_NAME = AccentColor;
				CODE_SIGN_STYLE = Automatic;
				INFOPLIST_FILE = OrderApp/Info.plist;
				LD_RUNPATH_SEARCH_PATHS = (
					"$(inherited)",
					"@executable_path/Frameworks",
				);
				PRODUCT_BUNDLE_IDENTIFIER = exemplo.com.OrderApp;
				PRODUCT_NAME = "$(TARGET_NAME)";
				SWIFT_VERSION = 5.0;
				TARGETED_DEVICE_FAMILY = "1,2";
			};
			name = Release;
		};
/* End XCBuildConfiguration section */

/* Begin XCConfigurationList section */
		6A638D692608B8540001E118 /* Build configuration list for PBXProject "OrderApp" */ = {
			isa = XCConfigurationList;
			buildConfigurations = (
				6A638D802608B8550001E118 /* Debug */,
				6A638D812608B8550001E118 /* Release */,
			);
			defaultConfigurationIsVisible = 0;
			defaultConfigurationName = Release;
		};
		6A638D822608B8550001E118 /* Build configuration list for PBXNativeTarget "OrderApp" */ = {
			isa = XCConfigurationList;
			buildConfigurations = (
				6A638D832608B8550001E118 /* Debug */,
				6A638D842608B8550001E118 /* Release */,
			);
			defaultConfigurationIsVisible = 0;
			defaultConfigurationName = Release;
		};
/* End XCConfigurationList section */
	};
	rootObject = 6A638D662608B8540001E118 /* Project object */;
}
